
Microsoft Visual Studio Solution File, Format Version 12.00
# Visual Studio Version 16
VisualStudioVersion = 16.0.31129.286
MinimumVisualStudioVersion = 10.0.40219.1
Project("{888888A0-9F3D-457C-B088-3A5042F75D52}") = "BSGcalcCT", "BSGcalcCT.pyproj", "{31EA6F74-A57B-4C14-AA9A-4D2893B5A518}"
EndProject
Global
	GlobalSection(SolutionConfigurationPlatforms) = preSolution
		Debug|Any CPU = Debug|Any CPU
		Release|Any CPU = Release|Any CPU
	EndGlobalSection
	GlobalSection(ProjectConfigurationPlatforms) = postSolution
		{31EA6F74-A57B-4C14-AA9A-4D2893B5A518}.Debug|Any CPU.ActiveCfg = Debug|Any CPU
		{31EA6F74-A57B-4C14-AA9A-4D2893B5A518}.Debug|Any CPU.Build.0 = Debug|Any CPU
		{31EA6F74-A57B-4C14-AA9A-4D2893B5A518}.Release|Any CPU.ActiveCfg = Release|Any CPU
		{31EA6F74-A57B-4C14-AA9A-4D2893B5A518}.Release|Any CPU.Build.0 = Release|Any CPU
	EndGlobalSection
	GlobalSection(SolutionProperties) = preSolution
		HideSolutionNode = FALSE
	EndGlobalSection
	GlobalSection(ExtensibilityGlobals) = postSolution
		SolutionGuid = {5B78D81B-12C5-43E3-8F66-32C51B18FF87}
	EndGlobalSection
EndGlobal
